// !$*UTF8*$!
{
	archiveVersion = 1;
	classes = {
	};
	objectVersion = 55;
	objects = {

/* Begin PBXBuildFile section */
		F38CF7932833D33A00990158 /* ContactsAppSwiftUIApp.swift in Sources */ = {isa = PBXBuildFile; fileRef = F38CF7922833D33A00990158 /* ContactsAppSwiftUIApp.swift */; };
		F38CF7952833D33A00990158 /* ContentView.swift in Sources */ = {isa = PBXBuildFile; fileRef = F38CF7942833D33A00990158 /* ContentView.swift */; };
		F38CF7972833D34100990158 /* Assets.xcassets in Resources */ = {isa = PBXBuildFile; fileRef = F38CF7962833D34100990158 /* Assets.xcassets */; };
		F38CF79A2833D34100990158 /* Preview Assets.xcassets in Resources */ = {isa = PBXBuildFile; fileRef = F38CF7992833D34100990158 /* Preview Assets.xcassets */; };
		F3C9F1202834198800E293FB /* Contact.swift in Sources */ = {isa = PBXBuildFile; fileRef = F3C9F11F2834198800E293FB /* Contact.swift */; };
		F3C9F12228341E9200E293FB /* ContactCell.swift in Sources */ = {isa = PBXBuildFile; fileRef = F3C9F12128341E9200E293FB /* ContactCell.swift */; };
		F3C9F124283426B900E293FB /* UIApplication + Extension.swift in Sources */ = {isa = PBXBuildFile; fileRef = F3C9F123283426B900E293FB /* UIApplication + Extension.swift */; };
		F3C9F1272834E16500E293FB /* Realm in Frameworks */ = {isa = PBXBuildFile; productRef = F3C9F1262834E16500E293FB /* Realm */; };
		F3C9F1292834E16500E293FB /* RealmSwift in Frameworks */ = {isa = PBXBuildFile; productRef = F3C9F1282834E16500E293FB /* RealmSwift */; };
		F3C9F12B2835032E00E293FB /* DataBaseHelper.swift in Sources */ = {isa = PBXBuildFile; fileRef = F3C9F12A2835032E00E293FB /* DataBaseHelper.swift */; };
/* End PBXBuildFile section */

/* Begin PBXFileReference section */
		F38CF78F2833D33A00990158 /* ContactsAppSwiftUI.app */ = {isa = PBXFileReference; explicitFileType = wrapper.application; includeInIndex = 0; path = ContactsAppSwiftUI.app; sourceTree = BUILT_PRODUCTS_DIR; };
		F38CF7922833D33A00990158 /* ContactsAppSwiftUIApp.swift */ = {isa = PBXFileReference; lastKnownFileType = sourcecode.swift; path = ContactsAppSwiftUIApp.swift; sourceTree = "<group>"; };
		F38CF7942833D33A00990158 /* ContentView.swift */ = {isa = PBXFileReference; lastKnownFileType = sourcecode.swift; path = ContentView.swift; sourceTree = "<group>"; };
		F38CF7962833D34100990158 /* Assets.xcassets */ = {isa = PBXFileReference; lastKnownFileType = folder.assetcatalog; path = Assets.xcassets; sourceTree = "<group>"; };
		F38CF7992833D34100990158 /* Preview Assets.xcassets */ = {isa = PBXFileReference; lastKnownFileType = folder.assetcatalog; path = "Preview Assets.xcassets"; sourceTree = "<group>"; };
		F3C9F11F2834198800E293FB /* Contact.swift */ = {isa = PBXFileReference; lastKnownFileType = sourcecode.swift; path = Contact.swift; sourceTree = "<group>"; };
		F3C9F12128341E9200E293FB /* ContactCell.swift */ = {isa = PBXFileReference; lastKnownFileType = sourcecode.swift; path = ContactCell.swift; sourceTree = "<group>"; };
		F3C9F123283426B900E293FB /* UIApplication + Extension.swift */ = {isa = PBXFileReference; lastKnownFileType = sourcecode.swift; path = "UIApplication + Extension.swift"; sourceTree = "<group>"; };
		F3C9F12A2835032E00E293FB /* DataBaseHelper.swift */ = {isa = PBXFileReference; lastKnownFileType = sourcecode.swift; path = DataBaseHelper.swift; sourceTree = "<group>"; };
/* End PBXFileReference section */

/* Begin PBXFrameworksBuildPhase section */
		F38CF78C2833D33A00990158 /* Frameworks */ = {
			isa = PBXFrameworksBuildPhase;
			buildActionMask = 2147483647;
			files = (
				F3C9F1292834E16500E293FB /* RealmSwift in Frameworks */,
				F3C9F1272834E16500E293FB /* Realm in Frameworks */,
			);
			runOnlyForDeploymentPostprocessing = 0;
		};
/* End PBXFrameworksBuildPhase section */

/* Begin PBXGroup section */
		F38CF7862833D33A00990158 = {
			isa = PBXGroup;
			children = (
				F38CF7912833D33A00990158 /* ContactsAppSwiftUI */,
				F38CF7902833D33A00990158 /* Products */,
			);
			sourceTree = "<group>";
		};
		F38CF7902833D33A00990158 /* Products */ = {
			isa = PBXGroup;
			children = (
				F38CF78F2833D33A00990158 /* ContactsAppSwiftUI.app */,
			);
			name = Products;
			sourceTree = "<group>";
		};
		F38CF7912833D33A00990158 /* ContactsAppSwiftUI */ = {
			isa = PBXGroup;
			children = (
				F38CF7A32833D38800990158 /* Helper */,
				F38CF7A22833D38500990158 /* Extensions */,
				F38CF7A12833D38200990158 /* Model */,
				F38CF7A02833D37F00990158 /* View */,
				F38CF7922833D33A00990158 /* ContactsAppSwiftUIApp.swift */,
				F38CF7962833D34100990158 /* Assets.xcassets */,
				F38CF7982833D34100990158 /* Preview Content */,
			);
			path = ContactsAppSwiftUI;
			sourceTree = "<group>";
		};
		F38CF7982833D34100990158 /* Preview Content */ = {
			isa = PBXGroup;
			children = (
				F38CF7992833D34100990158 /* Preview Assets.xcassets */,
			);
			path = "Preview Content";
			sourceTree = "<group>";
		};
		F38CF7A02833D37F00990158 /* View */ = {
			isa = PBXGroup;
			children = (
				F38CF7942833D33A00990158 /* ContentView.swift */,
				F3C9F12128341E9200E293FB /* ContactCell.swift */,
			);
			path = View;
			sourceTree = "<group>";
		};
		F38CF7A12833D38200990158 /* Model */ = {
			isa = PBXGroup;
			children = (
				F3C9F11F2834198800E293FB /* Contact.swift */,
			);
			path = Model;
			sourceTree = "<group>";
		};
		F38CF7A22833D38500990158 /* Extensions */ = {
			isa = PBXGroup;
			children = (
				F3C9F123283426B900E293FB /* UIApplication + Extension.swift */,
			);
			path = Extensions;
			sourceTree = "<group>";
		};
		F38CF7A32833D38800990158 /* Helper */ = {
			isa = PBXGroup;
			children = (
				F3C9F12A2835032E00E293FB /* DataBaseHelper.swift */,
			);
			path = Helper;
			sourceTree = "<group>";
		};
/* End PBXGroup section */

/* Begin PBXNativeTarget section */
		F38CF78E2833D33A00990158 /* ContactsAppSwiftUI */ = {
			isa = PBXNativeTarget;
			buildConfigurationList = F38CF79D2833D34100990158 /* Build configuration list for PBXNativeTarget "ContactsAppSwiftUI" */;
			buildPhases = (
				F38CF78B2833D33A00990158 /* Sources */,
				F38CF78C2833D33A00990158 /* Frameworks */,
				F38CF78D2833D33A00990158 /* Resources */,
			);
			buildRules = (
			);
			dependencies = (
			);
			name = ContactsAppSwiftUI;
			packageProductDependencies = (
				F3C9F1262834E16500E293FB /* Realm */,
				F3C9F1282834E16500E293FB /* RealmSwift */,
			);
			productName = ContactsAppSwiftUI;
			productReference = F38CF78F2833D33A00990158 /* ContactsAppSwiftUI.app */;
			productType = "com.apple.product-type.application";
		};
/* End PBXNativeTarget section */

/* Begin PBXProject section */
		F38CF7872833D33A00990158 /* Project object */ = {
			isa = PBXProject;
			attributes = {
				BuildIndependentTargetsInParallel = 1;
				LastSwiftUpdateCheck = 1330;
				LastUpgradeCheck = 1330;
				TargetAttributes = {
					F38CF78E2833D33A00990158 = {
						CreatedOnToolsVersion = 13.3.1;
					};
				};
			};
			buildConfigurationList = F38CF78A2833D33A00990158 /* Build configuration list for PBXProject "ContactsAppSwiftUI" */;
			compatibilityVersion = "Xcode 13.0";
			developmentRegion = en;
			hasScannedForEncodings = 0;
			knownRegions = (
				en,
				Base,
			);
			mainGroup = F38CF7862833D33A00990158;
			packageReferences = (
				F3C9F1252834E16500E293FB /* XCRemoteSwiftPackageReference "realm-swift" */,
			);
			productRefGroup = F38CF7902833D33A00990158 /* Products */;
			projectDirPath = "";
			projectRoot = "";
			targets = (
				F38CF78E2833D33A00990158 /* ContactsAppSwiftUI */,
			);
		};
/* End PBXProject section */

/* Begin PBXResourcesBuildPhase section */
		F38CF78D2833D33A00990158 /* Resources */ = {
			isa = PBXResourcesBuildPhase;
			buildActionMask = 2147483647;
			files = (
				F38CF79A2833D34100990158 /* Preview Assets.xcassets in Resources */,
				F38CF7972833D34100990158 /* Assets.xcassets in Resources */,
			);
			runOnlyForDeploymentPostprocessing = 0;
		};
/* End PBXResourcesBuildPhase section */

/* Begin PBXSourcesBuildPhase section */
		F38CF78B2833D33A00990158 /* Sources */ = {
			isa = PBXSourcesBuildPhase;
			buildActionMask = 2147483647;
			files = (
				F3C9F12228341E9200E293FB /* ContactCell.swift in Sources */,
				F3C9F1202834198800E293FB /* Contact.swift in Sources */,
				F38CF7952833D33A00990158 /* ContentView.swift in Sources */,
				F38CF7932833D33A00990158 /* ContactsAppSwiftUIApp.swift in Sources */,
				F3C9F12B2835032E00E293FB /* DataBaseHelper.swift in Sources */,
				F3C9F124283426B900E293FB /* UIApplication + Extension.swift in Sources */,
			);
			runOnlyForDeploymentPostprocessing = 0;
		};
/* End PBXSourcesBuildPhase section */

/* Begin XCBuildConfiguration section */
		F38CF79B2833D34100990158 /* Debug */ = {
			isa = XCBuildConfiguration;
			buildSettings = {
				ALWAYS_SEARCH_USER_PATHS = NO;
				CLANG_ANALYZER_NONNULL = YES;
				CLANG_ANALYZER_NUMBER_OBJECT_CONVERSION = YES_AGGRESSIVE;
				CLANG_CXX_LANGUAGE_STANDARD = "gnu++17";
				CLANG_ENABLE_MODULES = YES;
				CLANG_ENABLE_OBJC_ARC = YES;
				CLANG_ENABLE_OBJC_WEAK = YES;
				CLANG_WARN_BLOCK_CAPTURE_AUTORELEASING = YES;
				CLANG_WARN_BOOL_CONVERSION = YES;
				CLANG_WARN_COMMA = YES;
				CLANG_WARN_CONSTANT_CONVERSION = YES;
				CLANG_WARN_DEPRECATED_OBJC_IMPLEMENTATIONS = YES;
				CLANG_WARN_DIRECT_OBJC_ISA_USAGE = YES_ERROR;
				CLANG_WARN_DOCUMENTATION_COMMENTS = YES;
				CLANG_WARN_EMPTY_BODY = YES;
				CLANG_WARN_ENUM_CONVERSION = YES;
				CLANG_WARN_INFINITE_RECURSION = YES;
				CLANG_WARN_INT_CONVERSION = YES;
				CLANG_WARN_NON_LITERAL_NULL_CONVERSION = YES;
				CLANG_WARN_OBJC_IMPLICIT_RETAIN_SELF = YES;
				CLANG_WARN_OBJC_LITERAL_CONVERSION = YES;
				CLANG_WARN_OBJC_ROOT_CLASS = YES_ERROR;
				CLANG_WARN_QUOTED_INCLUDE_IN_FRAMEWORK_HEADER = YES;
				CLANG_WARN_RANGE_LOOP_ANALYSIS = YES;
				CLANG_WARN_STRICT_PROTOTYPES = YES;
				CLANG_WARN_SUSPICIOUS_MOVE = YES;
				CLANG_WARN_UNGUARDED_AVAILABILITY = YES_AGGRESSIVE;
				CLANG_WARN_UNREACHABLE_CODE = YES;
				CLANG_WARN__DUPLICATE_METHOD_MATCH = YES;
				COPY_PHASE_STRIP = NO;
				DEBUG_INFORMATION_FORMAT = dwarf;
				ENABLE_STRICT_OBJC_MSGSEND = YES;
				ENABLE_TESTABILITY = YES;
				GCC_C_LANGUAGE_STANDARD = gnu11;
				GCC_DYNAMIC_NO_PIC = NO;
				GCC_NO_COMMON_BLOCKS = YES;
				GCC_OPTIMIZATION_LEVEL = 0;
				GCC_PREPROCESSOR_DEFINITIONS = (
					"DEBUG=1",
					"$(inherited)",
				);
				GCC_WARN_64_TO_32_BIT_CONVERSION = YES;
				GCC_WARN_ABOUT_RETURN_TYPE = YES_ERROR;
				GCC_WARN_UNDECLARED_SELECTOR = YES;
				GCC_WARN_UNINITIALIZED_AUTOS = YES_AGGRESSIVE;
				GCC_WARN_UNUSED_FUNCTION = YES;
				GCC_WARN_UNUSED_VARIABLE = YES;
				IPHONEOS_DEPLOYMENT_TARGET = 15.4;
				MTL_ENABLE_DEBUG_INFO = INCLUDE_SOURCE;
				MTL_FAST_MATH = YES;
				ONLY_ACTIVE_ARCH = YES;
				SDKROOT = iphoneos;
				SWIFT_ACTIVE_COMPILATION_CONDITIONS = DEBUG;
				SWIFT_OPTIMIZATION_LEVEL = "-Onone";
			};
			name = Debug;
		};
		F38CF79C2833D34100990158 /* Release */ = {
			isa = XCBuildConfiguration;
			buildSettings = {
				ALWAYS_SEARCH_USER_PATHS = NO;
				CLANG_ANALYZER_NONNULL = YES;
				CLANG_ANALYZER_NUMBER_OBJECT_CONVERSION = YES_AGGRESSIVE;
				CLANG_CXX_LANGUAGE_STANDARD = "gnu++17";
				CLANG_ENABLE_MODULES = YES;
				CLANG_ENABLE_OBJC_ARC = YES;
				CLANG_ENABLE_OBJC_WEAK = YES;
				CLANG_WARN_BLOCK_CAPTURE_AUTORELEASING = YES;
				CLANG_WARN_BOOL_CONVERSION = YES;
				CLANG_WARN_COMMA = YES;
				CLANG_WARN_CONSTANT_CONVERSION = YES;
				CLANG_WARN_DEPRECATED_OBJC_IMPLEMENTATIONS = YES;
				CLANG_WARN_DIRECT_OBJC_ISA_USAGE = YES_ERROR;
				CLANG_WARN_DOCUMENTATION_COMMENTS = YES;
				CLANG_WARN_EMPTY_BODY = YES;
				CLANG_WARN_ENUM_CONVERSION = YES;
				CLANG_WARN_INFINITE_RECURSION = YES;
				CLANG_WARN_INT_CONVERSION = YES;
				CLANG_WARN_NON_LITERAL_NULL_CONVERSION = YES;
				CLANG_WARN_OBJC_IMPLICIT_RETAIN_SELF = YES;
				CLANG_WARN_OBJC_LITERAL_CONVERSION = YES;
				CLANG_WARN_OBJC_ROOT_CLASS = YES_ERROR;
				CLANG_WARN_QUOTED_INCLUDE_IN_FRAMEWORK_HEADER = YES;
				CLANG_WARN_RANGE_LOOP_ANALYSIS = YES;
				CLANG_WARN_STRICT_PROTOTYPES = YES;
				CLANG_WARN_SUSPICIOUS_MOVE = YES;
				CLANG_WARN_UNGUARDED_AVAILABILITY = YES_AGGRESSIVE;
				CLANG_WARN_UNREACHABLE_CODE = YES;
				CLANG_WARN__DUPLICATE_METHOD_MATCH = YES;
				COPY_PHASE_STRIP = NO;
				DEBUG_INFORMATION_FORMAT = "dwarf-with-dsym";
				ENABLE_NS_ASSERTIONS = NO;
				ENABLE_STRICT_OBJC_MSGSEND = YES;
				GCC_C_LANGUAGE_STANDARD = gnu11;
				GCC_NO_COMMON_BLOCKS = YES;
				GCC_WARN_64_TO_32_BIT_CONVERSION = YES;
				GCC_WARN_ABOUT_RETURN_TYPE = YES_ERROR;
				GCC_WARN_UNDECLARED_SELECTOR = YES;
				GCC_WARN_UNINITIALIZED_AUTOS = YES_AGGRESSIVE;
				GCC_WARN_UNUSED_FUNCTION = YES;
				GCC_WARN_UNUSED_VARIABLE = YES;
				IPHONEOS_DEPLOYMENT_TARGET = 15.4;
				MTL_ENABLE_DEBUG_INFO = NO;
				MTL_FAST_MATH = YES;
				SDKROOT = iphoneos;
				SWIFT_COMPILATION_MODE = wholemodule;
				SWIFT_OPTIMIZATION_LEVEL = "-O";
				VALIDATE_PRODUCT = YES;
			};
			name = Release;
		};
		F38CF79E2833D34100990158 /* Debug */ = {
			isa = XCBuildConfiguration;
			buildSettings = {
				ASSETCATALOG_COMPILER_APPICON_NAME = AppIcon;
				ASSETCATALOG_COMPILER_GLOBAL_ACCENT_COLOR_NAME = AccentColor;
				CODE_SIGN_STYLE = Automatic;
				CURRENT_PROJECT_VERSION = 1;
				DEVELOPMENT_ASSET_PATHS = "\"ContactsAppSwiftUI/Preview Content\"";
				DEVELOPMENT_TEAM = 93Q524JYZD;
				ENABLE_PREVIEWS = YES;
				GENERATE_INFOPLIST_FILE = YES;
				INFOPLIST_KEY_UIApplicationSceneManifest_Generation = YES;
				INFOPLIST_KEY_UIApplicationSupportsIndirectInputEvents = YES;
				INFOPLIST_KEY_UILaunchScreen_Generation = YES;
				INFOPLIST_KEY_UISupportedInterfaceOrientations_iPad = "UIInterfaceOrientationPortrait UIInterfaceOrientationPortraitUpsideDown UIInterfaceOrientationLandscapeLeft UIInterfaceOrientationLandscapeRight";
				INFOPLIST_KEY_UISupportedInterfaceOrientations_iPhone = "UIInterfaceOrientationPortrait UIInterfaceOrientationLandscapeLeft UIInterfaceOrientationLandscapeRight";
				LD_RUNPATH_SEARCH_PATHS = (
					"$(inherited)",
					"@executable_path/Frameworks",
				);
				MARKETING_VERSION = 1.0;
				PRODUCT_BUNDLE_IDENTIFIER = nervuse.ContactsAppSwiftUI;
				PRODUCT_NAME = "$(TARGET_NAME)";
				SWIFT_EMIT_LOC_STRINGS = YES;
				SWIFT_VERSION = 5.0;
				TARGETED_DEVICE_FAMILY = "1,2";
			};
			name = Debug;
		};
		F38CF79F2833D34100990158 /* Release */ = {
			isa = XCBuildConfiguration;
			buildSettings = {
				ASSETCATALOG_COMPILER_APPICON_NAME = AppIcon;
				ASSETCATALOG_COMPILER_GLOBAL_ACCENT_COLOR_NAME = AccentColor;
				CODE_SIGN_STYLE = Automatic;
				CURRENT_PROJECT_VERSION = 1;
				DEVELOPMENT_ASSET_PATHS = "\"ContactsAppSwiftUI/Preview Content\"";
				DEVELOPMENT_TEAM = 93Q524JYZD;
				ENABLE_PREVIEWS = YES;
				GENERATE_INFOPLIST_FILE = YES;
				INFOPLIST_KEY_UIApplicationSceneManifest_Generation = YES;
				INFOPLIST_KEY_UIApplicationSupportsIndirectInputEvents = YES;
				INFOPLIST_KEY_UILaunchScreen_Generation = YES;
				INFOPLIST_KEY_UISupportedInterfaceOrientations_iPad = "UIInterfaceOrientationPortrait UIInterfaceOrientationPortraitUpsideDown UIInterfaceOrientationLandscapeLeft UIInterfaceOrientationLandscapeRight";
				INFOPLIST_KEY_UISupportedInterfaceOrientations_iPhone = "UIInterfaceOrientationPortrait UIInterfaceOrientationLandscapeLeft UIInterfaceOrientationLandscapeRight";
				LD_RUNPATH_SEARCH_PATHS = (
					"$(inherited)",
					"@executable_path/Frameworks",
				);
				MARKETING_VERSION = 1.0;
				PRODUCT_BUNDLE_IDENTIFIER = nervuse.ContactsAppSwiftUI;
				PRODUCT_NAME = "$(TARGET_NAME)";
				SWIFT_EMIT_LOC_STRINGS = YES;
				SWIFT_VERSION = 5.0;
				TARGETED_DEVICE_FAMILY = "1,2";
			};
			name = Release;
		};
/* End XCBuildConfiguration section */

/* Begin XCConfigurationList section */
		F38CF78A2833D33A00990158 /* Build configuration list for PBXProject "ContactsAppSwiftUI" */ = {
			isa = XCConfigurationList;
			buildConfigurations = (
				F38CF79B2833D34100990158 /* Debug */,
				F38CF79C2833D34100990158 /* Release */,
			);
			defaultConfigurationIsVisible = 0;
			defaultConfigurationName = Release;
		};
		F38CF79D2833D34100990158 /* Build configuration list for PBXNativeTarget "ContactsAppSwiftUI" */ = {
			isa = XCConfigurationList;
			buildConfigurations = (
				F38CF79E2833D34100990158 /* Debug */,
				F38CF79F2833D34100990158 /* Release */,
			);
			defaultConfigurationIsVisible = 0;
			defaultConfigurationName = Release;
		};
/* End XCConfigurationList section */

/* Begin XCRemoteSwiftPackageReference section */
		F3C9F1252834E16500E293FB /* XCRemoteSwiftPackageReference "realm-swift" */ = {
			isa = XCRemoteSwiftPackageReference;
			repositoryURL = "https://github.com/realm/realm-swift.git";
			requirement = {
				kind = upToNextMajorVersion;
				minimumVersion = 10.19.0;
			};
		};
/* End XCRemoteSwiftPackageReference section */

/* Begin XCSwiftPackageProductDependency section */
		F3C9F1262834E16500E293FB /* Realm */ = {
			isa = XCSwiftPackageProductDependency;
			package = F3C9F1252834E16500E293FB /* XCRemoteSwiftPackageReference "realm-swift" */;
			productName = Realm;
		};
		F3C9F1282834E16500E293FB /* RealmSwift */ = {
			isa = XCSwiftPackageProductDependency;
			package = F3C9F1252834E16500E293FB /* XCRemoteSwiftPackageReference "realm-swift" */;
			productName = RealmSwift;
		};
/* End XCSwiftPackageProductDependency section */
	};
	rootObject = F38CF7872833D33A00990158 /* Project object */;
}
